
Microsoft Visual Studio Solution File, Format Version 12.00
# Visual Studio Version 17
VisualStudioVersion = 17.14.36603.0 d17.14
MinimumVisualStudioVersion = 10.0.40219.1
Project("{FAE04EC0-301F-11D3-BF4B-00C04F79EFBC}") = "Inspection", "Inspection.csproj", "{10BE0399-18AD-4204-BCF0-9843500787FE}"
EndProject
Project("{FAE04EC0-301F-11D3-BF4B-00C04F79EFBC}") = "Inspection.Application", "..\Inspection.Application\Inspection.Application.csproj", "{96702344-573E-43F1-92F2-72BF1A8856F7}"
EndProject
Project("{FAE04EC0-301F-11D3-BF4B-00C04F79EFBC}") = "Inspection.Domain", "..\Inspection.Domain\Inspection.Domain.csproj", "{27F35A39-8D28-48C5-A80C-FC8A457F8319}"
EndProject
Project("{FAE04EC0-301F-11D3-BF4B-00C04F79EFBC}") = "Inspection.Infrastructure", "..\Inspection.Infrastructure\Inspection.Infrastructure.csproj", "{CF26A58C-021D-4668-859C-A15815A8B1BF}"
EndProject
Project("{FAE04EC0-301F-11D3-BF4B-00C04F79EFBC}") = "Inspection.Tests", "..\Inspection.Tests\Inspection.Tests.csproj", "{D1541270-4585-4597-8A05-AD602BAD6789}"
EndProject
Global
	GlobalSection(SolutionConfigurationPlatforms) = preSolution
		Debug|Any CPU = Debug|Any CPU
		Release|Any CPU = Release|Any CPU
	EndGlobalSection
	GlobalSection(ProjectConfigurationPlatforms) = postSolution
		{10BE0399-18AD-4204-BCF0-9843500787FE}.Debug|Any CPU.ActiveCfg = Debug|Any CPU
		{10BE0399-18AD-4204-BCF0-9843500787FE}.Debug|Any CPU.Build.0 = Debug|Any CPU
		{10BE0399-18AD-4204-BCF0-9843500787FE}.Release|Any CPU.ActiveCfg = Release|Any CPU
		{10BE0399-18AD-4204-BCF0-9843500787FE}.Release|Any CPU.Build.0 = Release|Any CPU
		{96702344-573E-43F1-92F2-72BF1A8856F7}.Debug|Any CPU.ActiveCfg = Debug|Any CPU
		{96702344-573E-43F1-92F2-72BF1A8856F7}.Debug|Any CPU.Build.0 = Debug|Any CPU
		{96702344-573E-43F1-92F2-72BF1A8856F7}.Release|Any CPU.ActiveCfg = Release|Any CPU
		{96702344-573E-43F1-92F2-72BF1A8856F7}.Release|Any CPU.Build.0 = Release|Any CPU
		{27F35A39-8D28-48C5-A80C-FC8A457F8319}.Debug|Any CPU.ActiveCfg = Debug|Any CPU
		{27F35A39-8D28-48C5-A80C-FC8A457F8319}.Debug|Any CPU.Build.0 = Debug|Any CPU
		{27F35A39-8D28-48C5-A80C-FC8A457F8319}.Release|Any CPU.ActiveCfg = Release|Any CPU
		{27F35A39-8D28-48C5-A80C-FC8A457F8319}.Release|Any CPU.Build.0 = Release|Any CPU
		{CF26A58C-021D-4668-859C-A15815A8B1BF}.Debug|Any CPU.ActiveCfg = Debug|Any CPU
		{CF26A58C-021D-4668-859C-A15815A8B1BF}.Debug|Any CPU.Build.0 = Debug|Any CPU
		{CF26A58C-021D-4668-859C-A15815A8B1BF}.Release|Any CPU.ActiveCfg = Release|Any CPU
		{CF26A58C-021D-4668-859C-A15815A8B1BF}.Release|Any CPU.Build.0 = Release|Any CPU
		{D1541270-4585-4597-8A05-AD602BAD6789}.Debug|Any CPU.ActiveCfg = Debug|Any CPU
		{D1541270-4585-4597-8A05-AD602BAD6789}.Debug|Any CPU.Build.0 = Debug|Any CPU
		{D1541270-4585-4597-8A05-AD602BAD6789}.Release|Any CPU.ActiveCfg = Release|Any CPU
		{D1541270-4585-4597-8A05-AD602BAD6789}.Release|Any CPU.Build.0 = Release|Any CPU
	EndGlobalSection
	GlobalSection(SolutionProperties) = preSolution
		HideSolutionNode = FALSE
	EndGlobalSection
	GlobalSection(ExtensibilityGlobals) = postSolution
		SolutionGuid = {1C115931-71A3-490F-8E15-B5D3AB0FD5D1}
	EndGlobalSection
EndGlobal
